Microsoft Visual Studio Solution File, Format Version 12.00
# Visual Studio Version 17
VisualStudioVersion = 17.5.2.0
MinimumVisualStudioVersion = 10.0.40219.1
Project("{FAE04EC0-301F-11D3-BF4B-00C04F79EFBC}") = "LetterGeneratorApp", "LetterGeneratorApp.csproj", "{ED265DEA-3B2C-C655-6C1F-ABEFC7CCBCAA}"
EndProject
Global
	GlobalSection(SolutionConfigurationPlatforms) = preSolution
		Debug|Any CPU = Debug|Any CPU
		Release|Any CPU = Release|Any CPU
	EndGlobalSection
	GlobalSection(ProjectConfigurationPlatforms) = postSolution
		{ED265DEA-3B2C-C655-6C1F-ABEFC7CCBCAA}.Debug|Any CPU.ActiveCfg = Debug|Any CPU
		{ED265DEA-3B2C-C655-6C1F-ABEFC7CCBCAA}.Debug|Any CPU.Build.0 = Debug|Any CPU
		{ED265DEA-3B2C-C655-6C1F-ABEFC7CCBCAA}.Release|Any CPU.ActiveCfg = Release|Any CPU
		{ED265DEA-3B2C-C655-6C1F-ABEFC7CCBCAA}.Release|Any CPU.Build.0 = Release|Any CPU
	EndGlobalSection
	GlobalSection(SolutionProperties) = preSolution
		HideSolutionNode = FALSE
	EndGlobalSection
	GlobalSection(ExtensibilityGlobals) = postSolution
		SolutionGuid = {35886CAD-5FF4-4B6E-BFE7-5B2DEAF262A2}
	EndGlobalSection
EndGlobal
